
Microsoft Visual Studio Solution File, Format Version 12.00
# Visual Studio Version 16
VisualStudioVersion = 16.0.29020.237
MinimumVisualStudioVersion = 10.0.40219.1
Project("{8BC9CEB8-8B4A-11D0-8D11-00A0C91BC942}") = "CppCsharp", "CppCsharp\CppCsharp.vcxproj", "{31333885-133B-444C-8133-A1EE29224753}"
EndProject
Project("{FAE04EC0-301F-11D3-BF4B-00C04F79EFBC}") = "RuntimeComponent1", "RuntimeComponent1\RuntimeComponent1.csproj", "{111E0E13-1577-432B-9643-55E29D75ED95}"
EndProject
Project("{8BC9CEB8-8B4A-11D0-8D11-00A0C91BC942}") = "ConsoleApplication1", "ConsoleApplication1\ConsoleApplication1.vcxproj", "{6AA1C686-6871-4950-AA65-526E85F90D11}"
EndProject
Project("{8BC9CEB8-8B4A-11D0-8D11-00A0C91BC942}") = "CppWinRTCSharpApp", "CppWinRTCSharpApp\CppWinRTCSharpApp.vcxproj", "{AEF762F7-70C4-4ABD-AB2D-23C62F71F39C}"
EndProject
Project("{8BC9CEB8-8B4A-11D0-8D11-00A0C91BC942}") = "CppWinRTRuntimeComponent", "CppWinRTRuntimeComponent\CppWinRTRuntimeComponent.vcxproj", "{E3A00246-F5A4-42D5-A1BB-B3031A0401BA}"
EndProject
Global
	GlobalSection(SolutionConfigurationPlatforms) = preSolution
		Debug|Any CPU = Debug|Any CPU
		Debug|ARM = Debug|ARM
		Debug|ARM64 = Debug|ARM64
		Debug|x64 = Debug|x64
		Debug|x86 = Debug|x86
		Release|Any CPU = Release|Any CPU
		Release|ARM = Release|ARM
		Release|ARM64 = Release|ARM64
		Release|x64 = Release|x64
		Release|x86 = Release|x86
	EndGlobalSection
	GlobalSection(ProjectConfigurationPlatforms) = postSolution
		{31333885-133B-444C-8133-A1EE29224753}.Debug|Any CPU.ActiveCfg = Debug|Win32
		{31333885-133B-444C-8133-A1EE29224753}.Debug|ARM.ActiveCfg = Debug|ARM
		{31333885-133B-444C-8133-A1EE29224753}.Debug|ARM.Build.0 = Debug|ARM
		{31333885-133B-444C-8133-A1EE29224753}.Debug|ARM.Deploy.0 = Debug|ARM
		{31333885-133B-444C-8133-A1EE29224753}.Debug|ARM64.ActiveCfg = Debug|ARM64
		{31333885-133B-444C-8133-A1EE29224753}.Debug|ARM64.Build.0 = Debug|ARM64
		{31333885-133B-444C-8133-A1EE29224753}.Debug|ARM64.Deploy.0 = Debug|ARM64
		{31333885-133B-444C-8133-A1EE29224753}.Debug|x64.ActiveCfg = Debug|x64
		{31333885-133B-444C-8133-A1EE29224753}.Debug|x64.Build.0 = Debug|x64
		{31333885-133B-444C-8133-A1EE29224753}.Debug|x64.Deploy.0 = Debug|x64
		{31333885-133B-444C-8133-A1EE29224753}.Debug|x86.ActiveCfg = Debug|Win32
		{31333885-133B-444C-8133-A1EE29224753}.Debug|x86.Build.0 = Debug|Win32
		{31333885-133B-444C-8133-A1EE29224753}.Debug|x86.Deploy.0 = Debug|Win32
		{31333885-133B-444C-8133-A1EE29224753}.Release|Any CPU.ActiveCfg = Release|Win32
		{31333885-133B-444C-8133-A1EE29224753}.Release|ARM.ActiveCfg = Release|ARM
		{31333885-133B-444C-8133-A1EE29224753}.Release|ARM.Build.0 = Release|ARM
		{31333885-133B-444C-8133-A1EE29224753}.Release|ARM.Deploy.0 = Release|ARM
		{31333885-133B-444C-8133-A1EE29224753}.Release|ARM64.ActiveCfg = Release|ARM64
		{31333885-133B-444C-8133-A1EE29224753}.Release|ARM64.Build.0 = Release|ARM64
		{31333885-133B-444C-8133-A1EE29224753}.Release|ARM64.Deploy.0 = Release|ARM64
		{31333885-133B-444C-8133-A1EE29224753}.Release|x64.ActiveCfg = Release|x64
		{31333885-133B-444C-8133-A1EE29224753}.Release|x64.Build.0 = Release|x64
		{31333885-133B-444C-8133-A1EE29224753}.Release|x64.Deploy.0 = Release|x64
		{31333885-133B-444C-8133-A1EE29224753}.Release|x86.ActiveCfg = Release|Win32
		{31333885-133B-444C-8133-A1EE29224753}.Release|x86.Build.0 = Release|Win32
		{31333885-133B-444C-8133-A1EE29224753}.Release|x86.Deploy.0 = Release|Win32
		{111E0E13-1577-432B-9643-55E29D75ED95}.Debug|Any CPU.ActiveCfg = Debug|Any CPU
		{111E0E13-1577-432B-9643-55E29D75ED95}.Debug|Any CPU.Build.0 = Debug|Any CPU
		{111E0E13-1577-432B-9643-55E29D75ED95}.Debug|ARM.ActiveCfg = Debug|ARM
		{111E0E13-1577-432B-9643-55E29D75ED95}.Debug|ARM.Build.0 = Debug|ARM
		{111E0E13-1577-432B-9643-55E29D75ED95}.Debug|ARM64.ActiveCfg = Debug|ARM64
		{111E0E13-1577-432B-9643-55E29D75ED95}.Debug|ARM64.Build.0 = Debug|ARM64
		{111E0E13-1577-432B-9643-55E29D75ED95}.Debug|x64.ActiveCfg = Debug|x64
		{111E0E13-1577-432B-9643-55E29D75ED95}.Debug|x64.Build.0 = Debug|x64
		{111E0E13-1577-432B-9643-55E29D75ED95}.Debug|x86.ActiveCfg = Debug|x86
		{111E0E13-1577-432B-9643-55E29D75ED95}.Debug|x86.Build.0 = Debug|x86
		{111E0E13-1577-432B-9643-55E29D75ED95}.Release|Any CPU.ActiveCfg = Release|Any CPU
		{111E0E13-1577-432B-9643-55E29D75ED95}.Release|Any CPU.Build.0 = Release|Any CPU
		{111E0E13-1577-432B-9643-55E29D75ED95}.Release|ARM.ActiveCfg = Release|ARM
		{111E0E13-1577-432B-9643-55E29D75ED95}.Release|ARM.Build.0 = Release|ARM
		{111E0E13-1577-432B-9643-55E29D75ED95}.Release|ARM64.ActiveCfg = Release|ARM64
		{111E0E13-1577-432B-9643-55E29D75ED95}.Release|ARM64.Build.0 = Release|ARM64
		{111E0E13-1577-432B-9643-55E29D75ED95}.Release|x64.ActiveCfg = Release|x64
		{111E0E13-1577-432B-9643-55E29D75ED95}.Release|x64.Build.0 = Release|x64
		{111E0E13-1577-432B-9643-55E29D75ED95}.Release|x86.ActiveCfg = Release|x86
		{111E0E13-1577-432B-9643-55E29D75ED95}.Release|x86.Build.0 = Release|x86
		{6AA1C686-6871-4950-AA65-526E85F90D11}.Debug|Any CPU.ActiveCfg = Debug|Win32
		{6AA1C686-6871-4950-AA65-526E85F90D11}.Debug|ARM.ActiveCfg = Debug|Win32
		{6AA1C686-6871-4950-AA65-526E85F90D11}.Debug|ARM64.ActiveCfg = Debug|Win32
		{6AA1C686-6871-4950-AA65-526E85F90D11}.Debug|x64.ActiveCfg = Debug|x64
		{6AA1C686-6871-4950-AA65-526E85F90D11}.Debug|x64.Build.0 = Debug|x64
		{6AA1C686-6871-4950-AA65-526E85F90D11}.Debug|x86.ActiveCfg = Debug|Win32
		{6AA1C686-6871-4950-AA65-526E85F90D11}.Debug|x86.Build.0 = Debug|Win32
		{6AA1C686-6871-4950-AA65-526E85F90D11}.Release|Any CPU.ActiveCfg = Release|Win32
		{6AA1C686-6871-4950-AA65-526E85F90D11}.Release|ARM.ActiveCfg = Release|Win32
		{6AA1C686-6871-4950-AA65-526E85F90D11}.Release|ARM64.ActiveCfg = Release|Win32
		{6AA1C686-6871-4950-AA65-526E85F90D11}.Release|x64.ActiveCfg = Release|x64
		{6AA1C686-6871-4950-AA65-526E85F90D11}.Release|x64.Build.0 = Release|x64
		{6AA1C686-6871-4950-AA65-526E85F90D11}.Release|x86.ActiveCfg = Release|Win32
		{6AA1C686-6871-4950-AA65-526E85F90D11}.Release|x86.Build.0 = Release|Win32
		{AEF762F7-70C4-4ABD-AB2D-23C62F71F39C}.Debug|Any CPU.ActiveCfg = Debug|Win32
		{AEF762F7-70C4-4ABD-AB2D-23C62F71F39C}.Debug|ARM.ActiveCfg = Debug|ARM
		{AEF762F7-70C4-4ABD-AB2D-23C62F71F39C}.Debug|ARM.Build.0 = Debug|ARM
		{AEF762F7-70C4-4ABD-AB2D-23C62F71F39C}.Debug|ARM.Deploy.0 = Debug|ARM
		{AEF762F7-70C4-4ABD-AB2D-23C62F71F39C}.Debug|ARM64.ActiveCfg = Debug|Win32
		{AEF762F7-70C4-4ABD-AB2D-23C62F71F39C}.Debug|x64.ActiveCfg = Debug|x64
		{AEF762F7-70C4-4ABD-AB2D-23C62F71F39C}.Debug|x64.Build.0 = Debug|x64
		{AEF762F7-70C4-4ABD-AB2D-23C62F71F39C}.Debug|x64.Deploy.0 = Debug|x64
		{AEF762F7-70C4-4ABD-AB2D-23C62F71F39C}.Debug|x86.ActiveCfg = Debug|Win32
		{AEF762F7-70C4-4ABD-AB2D-23C62F71F39C}.Debug|x86.Build.0 = Debug|Win32
		{AEF762F7-70C4-4ABD-AB2D-23C62F71F39C}.Debug|x86.Deploy.0 = Debug|Win32
		{AEF762F7-70C4-4ABD-AB2D-23C62F71F39C}.Release|Any CPU.ActiveCfg = Release|Win32
		{AEF762F7-70C4-4ABD-AB2D-23C62F71F39C}.Release|ARM.ActiveCfg = Release|ARM
		{AEF762F7-70C4-4ABD-AB2D-23C62F71F39C}.Release|ARM.Build.0 = Release|ARM
		{AEF762F7-70C4-4ABD-AB2D-23C62F71F39C}.Release|ARM.Deploy.0 = Release|ARM
		{AEF762F7-70C4-4ABD-AB2D-23C62F71F39C}.Release|ARM64.ActiveCfg = Release|Win32
		{AEF762F7-70C4-4ABD-AB2D-23C62F71F39C}.Release|x64.ActiveCfg = Release|x64
		{AEF762F7-70C4-4ABD-AB2D-23C62F71F39C}.Release|x64.Build.0 = Release|x64
		{AEF762F7-70C4-4ABD-AB2D-23C62F71F39C}.Release|x64.Deploy.0 = Release|x64
		{AEF762F7-70C4-4ABD-AB2D-23C62F71F39C}.Release|x86.ActiveCfg = Release|Win32
		{AEF762F7-70C4-4ABD-AB2D-23C62F71F39C}.Release|x86.Build.0 = Release|Win32
		{AEF762F7-70C4-4ABD-AB2D-23C62F71F39C}.Release|x86.Deploy.0 = Release|Win32
		{E3A00246-F5A4-42D5-A1BB-B3031A0401BA}.Debug|Any CPU.ActiveCfg = Debug|Win32
		{E3A00246-F5A4-42D5-A1BB-B3031A0401BA}.Debug|ARM.ActiveCfg = Debug|ARM
		{E3A00246-F5A4-42D5-A1BB-B3031A0401BA}.Debug|ARM.Build.0 = Debug|ARM
		{E3A00246-F5A4-42D5-A1BB-B3031A0401BA}.Debug|ARM64.ActiveCfg = Debug|Win32
		{E3A00246-F5A4-42D5-A1BB-B3031A0401BA}.Debug|x64.ActiveCfg = Debug|x64
		{E3A00246-F5A4-42D5-A1BB-B3031A0401BA}.Debug|x64.Build.0 = Debug|x64
		{E3A00246-F5A4-42D5-A1BB-B3031A0401BA}.Debug|x86.ActiveCfg = Debug|Win32
		{E3A00246-F5A4-42D5-A1BB-B3031A0401BA}.Debug|x86.Build.0 = Debug|Win32
		{E3A00246-F5A4-42D5-A1BB-B3031A0401BA}.Release|Any CPU.ActiveCfg = Release|Win32
		{E3A00246-F5A4-42D5-A1BB-B3031A0401BA}.Release|ARM.ActiveCfg = Release|ARM
		{E3A00246-F5A4-42D5-A1BB-B3031A0401BA}.Release|ARM.Build.0 = Release|ARM
		{E3A00246-F5A4-42D5-A1BB-B3031A0401BA}.Release|ARM64.ActiveCfg = Release|Win32
		{E3A00246-F5A4-42D5-A1BB-B3031A0401BA}.Release|x64.ActiveCfg = Release|x64
		{E3A00246-F5A4-42D5-A1BB-B3031A0401BA}.Release|x64.Build.0 = Release|x64
		{E3A00246-F5A4-42D5-A1BB-B3031A0401BA}.Release|x86.ActiveCfg = Release|Win32
		{E3A00246-F5A4-42D5-A1BB-B3031A0401BA}.Release|x86.Build.0 = Release|Win32
	EndGlobalSection
	GlobalSection(SolutionProperties) = preSolution
		HideSolutionNode = FALSE
	EndGlobalSection
	GlobalSection(ExtensibilityGlobals) = postSolution
		SolutionGuid = {080C1832-21FE-49FC-9888-7102CA120467}
	EndGlobalSection
EndGlobal
